
Microsoft Visual Studio Solution File, Format Version 12.00
# Visual Studio 15
VisualStudioVersion = 15.0.28010.2026
MinimumVisualStudioVersion = 10.0.40219.1
Project("{FAE04EC0-301F-11D3-BF4B-00C04F79EFBC}") = "EmployeeAPI", "EmployeeAPI\EmployeeAPI.csproj", "{D8348C1D-4076-4184-9FE0-298E750DB81E}"
EndProject
Project("{FAE04EC0-301F-11D3-BF4B-00C04F79EFBC}") = "EmployeeUI", "EmployeeUI\EmployeeUI.csproj", "{CFEC6A18-7F4C-4334-B1B8-975B2BC01DD4}"
EndProject
Project("{FAE04EC0-301F-11D3-BF4B-00C04F79EFBC}") = "EmployeeUI.Tests", "EmployeeUI.Tests\EmployeeUI.Tests.csproj", "{A070BFD1-2AB4-4AC1-958F-1DED80B17885}"
EndProject
Global
	GlobalSection(SolutionConfigurationPlatforms) = preSolution
		Debug|Any CPU = Debug|Any CPU
		Release|Any CPU = Release|Any CPU
	EndGlobalSection
	GlobalSection(ProjectConfigurationPlatforms) = postSolution
		{D8348C1D-4076-4184-9FE0-298E750DB81E}.Debug|Any CPU.ActiveCfg = Debug|Any CPU
		{D8348C1D-4076-4184-9FE0-298E750DB81E}.Debug|Any CPU.Build.0 = Debug|Any CPU
		{D8348C1D-4076-4184-9FE0-298E750DB81E}.Release|Any CPU.ActiveCfg = Release|Any CPU
		{D8348C1D-4076-4184-9FE0-298E750DB81E}.Release|Any CPU.Build.0 = Release|Any CPU
		{CFEC6A18-7F4C-4334-B1B8-975B2BC01DD4}.Debug|Any CPU.ActiveCfg = Debug|Any CPU
		{CFEC6A18-7F4C-4334-B1B8-975B2BC01DD4}.Debug|Any CPU.Build.0 = Debug|Any CPU
		{CFEC6A18-7F4C-4334-B1B8-975B2BC01DD4}.Release|Any CPU.ActiveCfg = Release|Any CPU
		{CFEC6A18-7F4C-4334-B1B8-975B2BC01DD4}.Release|Any CPU.Build.0 = Release|Any CPU
		{A070BFD1-2AB4-4AC1-958F-1DED80B17885}.Debug|Any CPU.ActiveCfg = Debug|Any CPU
		{A070BFD1-2AB4-4AC1-958F-1DED80B17885}.Debug|Any CPU.Build.0 = Debug|Any CPU
		{A070BFD1-2AB4-4AC1-958F-1DED80B17885}.Release|Any CPU.ActiveCfg = Release|Any CPU
		{A070BFD1-2AB4-4AC1-958F-1DED80B17885}.Release|Any CPU.Build.0 = Release|Any CPU
	EndGlobalSection
	GlobalSection(SolutionProperties) = preSolution
		HideSolutionNode = FALSE
	EndGlobalSection
	GlobalSection(ExtensibilityGlobals) = postSolution
		SolutionGuid = {9F1B47B8-5AB1-4CA5-B4B2-9066E50AEDAD}
	EndGlobalSection
EndGlobal
